
Microsoft Visual Studio Solution File, Format Version 12.00
# Visual Studio Version 16
VisualStudioVersion = 16.0.30907.101
MinimumVisualStudioVersion = 10.0.40219.1
Project("{9A19103F-16F7-4668-BE54-9A1E7A4F7556}") = "BadSecApp.Server", "Server\BadSecApp.Server.csproj", "{B071698E-C142-4496-B9CF-61132F806B98}"
EndProject
Project("{9A19103F-16F7-4668-BE54-9A1E7A4F7556}") = "BadSecApp.Client", "Client\BadSecApp.Client.csproj", "{46B8C70D-8BAD-4E08-A4E3-5372B9E59D82}"
EndProject
Project("{9A19103F-16F7-4668-BE54-9A1E7A4F7556}") = "BadSecApp.Shared", "Shared\BadSecApp.Shared.csproj", "{9D3A0E4E-1A38-49CF-A0C7-BE9ED770369C}"
EndProject
Global
	GlobalSection(SolutionConfigurationPlatforms) = preSolution
		Debug|Any CPU = Debug|Any CPU
		Release|Any CPU = Release|Any CPU
	EndGlobalSection
	GlobalSection(ProjectConfigurationPlatforms) = postSolution
		{B071698E-C142-4496-B9CF-61132F806B98}.Debug|Any CPU.ActiveCfg = Debug|Any CPU
		{B071698E-C142-4496-B9CF-61132F806B98}.Debug|Any CPU.Build.0 = Debug|Any CPU
		{B071698E-C142-4496-B9CF-61132F806B98}.Release|Any CPU.ActiveCfg = Release|Any CPU
		{B071698E-C142-4496-B9CF-61132F806B98}.Release|Any CPU.Build.0 = Release|Any CPU
		{46B8C70D-8BAD-4E08-A4E3-5372B9E59D82}.Debug|Any CPU.ActiveCfg = Debug|Any CPU
		{46B8C70D-8BAD-4E08-A4E3-5372B9E59D82}.Debug|Any CPU.Build.0 = Debug|Any CPU
		{46B8C70D-8BAD-4E08-A4E3-5372B9E59D82}.Release|Any CPU.ActiveCfg = Release|Any CPU
		{46B8C70D-8BAD-4E08-A4E3-5372B9E59D82}.Release|Any CPU.Build.0 = Release|Any CPU
		{9D3A0E4E-1A38-49CF-A0C7-BE9ED770369C}.Debug|Any CPU.ActiveCfg = Debug|Any CPU
		{9D3A0E4E-1A38-49CF-A0C7-BE9ED770369C}.Debug|Any CPU.Build.0 = Debug|Any CPU
		{9D3A0E4E-1A38-49CF-A0C7-BE9ED770369C}.Release|Any CPU.ActiveCfg = Release|Any CPU
		{9D3A0E4E-1A38-49CF-A0C7-BE9ED770369C}.Release|Any CPU.Build.0 = Release|Any CPU
	EndGlobalSection
	GlobalSection(SolutionProperties) = preSolution
		HideSolutionNode = FALSE
	EndGlobalSection
	GlobalSection(ExtensibilityGlobals) = postSolution
		SolutionGuid = {14524DD5-7D48-44EB-9C23-291CCD68BDE0}
	EndGlobalSection
EndGlobal
